
Microsoft Visual Studio Solution File, Format Version 12.00
# Visual Studio Version 17
VisualStudioVersion = 17.8.34309.116
MinimumVisualStudioVersion = 10.0.40219.1
Project("{9A19103F-16F7-4668-BE54-9A1E7A4F7556}") = "Hospital.Domen", "Hospital.Domen\Hospital.Domen.csproj", "{7C8E159F-1811-4E82-8EDA-623BF06AD2B5}"
EndProject
Project("{9A19103F-16F7-4668-BE54-9A1E7A4F7556}") = "Hospital.Application", "Hospital.Application\Hospital.Application.csproj", "{071AC450-1D5F-49A5-958A-E11F80654C34}"
EndProject
Project("{9A19103F-16F7-4668-BE54-9A1E7A4F7556}") = "Hospital.Infrastructure", "Hospital.Infrastructure\Hospital.Infrastructure.csproj", "{29974C2C-9DCF-4D53-8C69-D4EAD2622D5D}"
EndProject
Project("{9A19103F-16F7-4668-BE54-9A1E7A4F7556}") = "Hospital.Api", "Hospital.Api\Hospital.Api.csproj", "{1CB9A19F-ACE0-461B-8CA0-385890AD0312}"
EndProject
Project("{9A19103F-16F7-4668-BE54-9A1E7A4F7556}") = "Hospital.NUnitTesting", "Hospital.NUnitTesting\Hospital.NUnitTesting.csproj", "{C5DC3137-257F-4F45-BAF3-BADF82229049}"
EndProject
Project("{FAE04EC0-301F-11D3-BF4B-00C04F79EFBC}") = "Hospital.XUnitTesting", "Hospital.XUnitTesting\Hospital.XUnitTesting.csproj", "{F944137B-F0C6-46A3-9A45-EE08FBB79675}"
EndProject
Project("{FAE04EC0-301F-11D3-BF4B-00C04F79EFBC}") = "Hospital.MSTesting", "Hospital.MSTesting\Hospital.MSTesting.csproj", "{AAF8B34F-7470-4237-8DB8-D03773AB76D2}"
EndProject
Global
	GlobalSection(SolutionConfigurationPlatforms) = preSolution
		Debug|Any CPU = Debug|Any CPU
		Release|Any CPU = Release|Any CPU
	EndGlobalSection
	GlobalSection(ProjectConfigurationPlatforms) = postSolution
		{7C8E159F-1811-4E82-8EDA-623BF06AD2B5}.Debug|Any CPU.ActiveCfg = Debug|Any CPU
		{7C8E159F-1811-4E82-8EDA-623BF06AD2B5}.Debug|Any CPU.Build.0 = Debug|Any CPU
		{7C8E159F-1811-4E82-8EDA-623BF06AD2B5}.Release|Any CPU.ActiveCfg = Release|Any CPU
		{7C8E159F-1811-4E82-8EDA-623BF06AD2B5}.Release|Any CPU.Build.0 = Release|Any CPU
		{071AC450-1D5F-49A5-958A-E11F80654C34}.Debug|Any CPU.ActiveCfg = Debug|Any CPU
		{071AC450-1D5F-49A5-958A-E11F80654C34}.Debug|Any CPU.Build.0 = Debug|Any CPU
		{071AC450-1D5F-49A5-958A-E11F80654C34}.Release|Any CPU.ActiveCfg = Release|Any CPU
		{071AC450-1D5F-49A5-958A-E11F80654C34}.Release|Any CPU.Build.0 = Release|Any CPU
		{29974C2C-9DCF-4D53-8C69-D4EAD2622D5D}.Debug|Any CPU.ActiveCfg = Debug|Any CPU
		{29974C2C-9DCF-4D53-8C69-D4EAD2622D5D}.Debug|Any CPU.Build.0 = Debug|Any CPU
		{29974C2C-9DCF-4D53-8C69-D4EAD2622D5D}.Release|Any CPU.ActiveCfg = Release|Any CPU
		{29974C2C-9DCF-4D53-8C69-D4EAD2622D5D}.Release|Any CPU.Build.0 = Release|Any CPU
		{1CB9A19F-ACE0-461B-8CA0-385890AD0312}.Debug|Any CPU.ActiveCfg = Debug|Any CPU
		{1CB9A19F-ACE0-461B-8CA0-385890AD0312}.Debug|Any CPU.Build.0 = Debug|Any CPU
		{1CB9A19F-ACE0-461B-8CA0-385890AD0312}.Release|Any CPU.ActiveCfg = Release|Any CPU
		{1CB9A19F-ACE0-461B-8CA0-385890AD0312}.Release|Any CPU.Build.0 = Release|Any CPU
		{C5DC3137-257F-4F45-BAF3-BADF82229049}.Debug|Any CPU.ActiveCfg = Debug|Any CPU
		{C5DC3137-257F-4F45-BAF3-BADF82229049}.Debug|Any CPU.Build.0 = Debug|Any CPU
		{C5DC3137-257F-4F45-BAF3-BADF82229049}.Release|Any CPU.ActiveCfg = Release|Any CPU
		{C5DC3137-257F-4F45-BAF3-BADF82229049}.Release|Any CPU.Build.0 = Release|Any CPU
		{F944137B-F0C6-46A3-9A45-EE08FBB79675}.Debug|Any CPU.ActiveCfg = Debug|Any CPU
		{F944137B-F0C6-46A3-9A45-EE08FBB79675}.Debug|Any CPU.Build.0 = Debug|Any CPU
		{F944137B-F0C6-46A3-9A45-EE08FBB79675}.Release|Any CPU.ActiveCfg = Release|Any CPU
		{F944137B-F0C6-46A3-9A45-EE08FBB79675}.Release|Any CPU.Build.0 = Release|Any CPU
		{AAF8B34F-7470-4237-8DB8-D03773AB76D2}.Debug|Any CPU.ActiveCfg = Debug|Any CPU
		{AAF8B34F-7470-4237-8DB8-D03773AB76D2}.Debug|Any CPU.Build.0 = Debug|Any CPU
		{AAF8B34F-7470-4237-8DB8-D03773AB76D2}.Release|Any CPU.ActiveCfg = Release|Any CPU
		{AAF8B34F-7470-4237-8DB8-D03773AB76D2}.Release|Any CPU.Build.0 = Release|Any CPU
	EndGlobalSection
	GlobalSection(SolutionProperties) = preSolution
		HideSolutionNode = FALSE
	EndGlobalSection
	GlobalSection(ExtensibilityGlobals) = postSolution
		SolutionGuid = {C564C4D4-6D66-46FD-BE69-E8242D168D33}
	EndGlobalSection
EndGlobal
